// !$*UTF8*$!
{
	archiveVersion = 1;
	classes = {
	};
	objectVersion = 50;
	objects = {

/* Begin PBXBuildFile section */
		C353FF4120F55603006D10A7 /* main.swift in Sources */ = {isa = PBXBuildFile; fileRef = C353FF4020F55603006D10A7 /* main.swift */; };
		C353FF4820F55653006D10A7 /* hw1.swift in Sources */ = {isa = PBXBuildFile; fileRef = C353FF4720F55653006D10A7 /* hw1.swift */; };
		C353FF4A20F55672006D10A7 /* hw2.swift in Sources */ = {isa = PBXBuildFile; fileRef = C353FF4920F55672006D10A7 /* hw2.swift */; };
		C39095D6212B6EF0005375D6 /* GrowingProtocol.swift in Sources */ = {isa = PBXBuildFile; fileRef = C39095D5212B6EF0005375D6 /* GrowingProtocol.swift */; };
		C39095D8212B7069005375D6 /* Gender.swift in Sources */ = {isa = PBXBuildFile; fileRef = C39095D7212B7069005375D6 /* Gender.swift */; };
		C3A977072122E7DD005A958F /* HumanStruct.swift in Sources */ = {isa = PBXBuildFile; fileRef = C3A977062122E7DD005A958F /* HumanStruct.swift */; };
		C3A977092122E7F6005A958F /* HumanClass.swift in Sources */ = {isa = PBXBuildFile; fileRef = C3A977082122E7F6005A958F /* HumanClass.swift */; };
		C3AC41A72107865A0039B890 /* main.swift in Sources */ = {isa = PBXBuildFile; fileRef = C3AC41A62107865A0039B890 /* main.swift */; };
/* End PBXBuildFile section */

/* Begin PBXCopyFilesBuildPhase section */
		C353FF3B20F55603006D10A7 /* CopyFiles */ = {
			isa = PBXCopyFilesBuildPhase;
			buildActionMask = 2147483647;
			dstPath = /usr/share/man/man1/;
			dstSubfolderSpec = 0;
			files = (
			);
			runOnlyForDeploymentPostprocessing = 1;
		};
		C3AC41A2210786590039B890 /* CopyFiles */ = {
			isa = PBXCopyFilesBuildPhase;
			buildActionMask = 2147483647;
			dstPath = /usr/share/man/man1/;
			dstSubfolderSpec = 0;
			files = (
			);
			runOnlyForDeploymentPostprocessing = 1;
		};
/* End PBXCopyFilesBuildPhase section */

/* Begin PBXFileReference section */
		C353FF3D20F55603006D10A7 /* SwiftClub */ = {isa = PBXFileReference; explicitFileType = "compiled.mach-o.executable"; includeInIndex = 0; path = SwiftClub; sourceTree = BUILT_PRODUCTS_DIR; };
		C353FF4020F55603006D10A7 /* main.swift */ = {isa = PBXFileReference; lastKnownFileType = sourcecode.swift; path = main.swift; sourceTree = "<group>"; };
		C353FF4720F55653006D10A7 /* hw1.swift */ = {isa = PBXFileReference; lastKnownFileType = sourcecode.swift; path = hw1.swift; sourceTree = "<group>"; };
		C353FF4920F55672006D10A7 /* hw2.swift */ = {isa = PBXFileReference; lastKnownFileType = sourcecode.swift; path = hw2.swift; sourceTree = "<group>"; };
		C39095D5212B6EF0005375D6 /* GrowingProtocol.swift */ = {isa = PBXFileReference; lastKnownFileType = sourcecode.swift; path = GrowingProtocol.swift; sourceTree = "<group>"; };
		C39095D7212B7069005375D6 /* Gender.swift */ = {isa = PBXFileReference; lastKnownFileType = sourcecode.swift; path = Gender.swift; sourceTree = "<group>"; };
		C3A977062122E7DD005A958F /* HumanStruct.swift */ = {isa = PBXFileReference; lastKnownFileType = sourcecode.swift; path = HumanStruct.swift; sourceTree = "<group>"; };
		C3A977082122E7F6005A958F /* HumanClass.swift */ = {isa = PBXFileReference; lastKnownFileType = sourcecode.swift; path = HumanClass.swift; sourceTree = "<group>"; };
		C3AC41A42107865A0039B890 /* Human */ = {isa = PBXFileReference; explicitFileType = "compiled.mach-o.executable"; includeInIndex = 0; path = Human; sourceTree = BUILT_PRODUCTS_DIR; };
		C3AC41A62107865A0039B890 /* main.swift */ = {isa = PBXFileReference; lastKnownFileType = sourcecode.swift; path = main.swift; sourceTree = "<group>"; };
/* End PBXFileReference section */

/* Begin PBXFrameworksBuildPhase section */
		C353FF3A20F55603006D10A7 /* Frameworks */ = {
			isa = PBXFrameworksBuildPhase;
			buildActionMask = 2147483647;
			files = (
			);
			runOnlyForDeploymentPostprocessing = 0;
		};
		C3AC41A1210786590039B890 /* Frameworks */ = {
			isa = PBXFrameworksBuildPhase;
			buildActionMask = 2147483647;
			files = (
			);
			runOnlyForDeploymentPostprocessing = 0;
		};
/* End PBXFrameworksBuildPhase section */

/* Begin PBXGroup section */
		C353FF3420F55603006D10A7 = {
			isa = PBXGroup;
			children = (
				C353FF3F20F55603006D10A7 /* FizzBuzz */,
				C3AC41A52107865A0039B890 /* Human */,
				C353FF3E20F55603006D10A7 /* Products */,
			);
			sourceTree = "<group>";
		};
		C353FF3E20F55603006D10A7 /* Products */ = {
			isa = PBXGroup;
			children = (
				C353FF3D20F55603006D10A7 /* SwiftClub */,
				C3AC41A42107865A0039B890 /* Human */,
			);
			name = Products;
			sourceTree = "<group>";
		};
		C353FF3F20F55603006D10A7 /* FizzBuzz */ = {
			isa = PBXGroup;
			children = (
				C353FF4020F55603006D10A7 /* main.swift */,
				C353FF4720F55653006D10A7 /* hw1.swift */,
				C353FF4920F55672006D10A7 /* hw2.swift */,
			);
			path = FizzBuzz;
			sourceTree = "<group>";
		};
		C3AC41A52107865A0039B890 /* Human */ = {
			isa = PBXGroup;
			children = (
				C3AC41A62107865A0039B890 /* main.swift */,
				C3A977062122E7DD005A958F /* HumanStruct.swift */,
				C3A977082122E7F6005A958F /* HumanClass.swift */,
				C39095D5212B6EF0005375D6 /* GrowingProtocol.swift */,
				C39095D7212B7069005375D6 /* Gender.swift */,
			);
			path = Human;
			sourceTree = "<group>";
		};
/* End PBXGroup section */

/* Begin PBXNativeTarget section */
		C353FF3C20F55603006D10A7 /* SwiftClub */ = {
			isa = PBXNativeTarget;
			buildConfigurationList = C353FF4420F55603006D10A7 /* Build configuration list for PBXNativeTarget "SwiftClub" */;
			buildPhases = (
				C353FF3920F55603006D10A7 /* Sources */,
				C353FF3A20F55603006D10A7 /* Frameworks */,
				C353FF3B20F55603006D10A7 /* CopyFiles */,
			);
			buildRules = (
			);
			dependencies = (
			);
			name = SwiftClub;
			productName = SwiftClub;
			productReference = C353FF3D20F55603006D10A7 /* SwiftClub */;
			productType = "com.apple.product-type.tool";
		};
		C3AC41A3210786590039B890 /* Human */ = {
			isa = PBXNativeTarget;
			buildConfigurationList = C3AC41AA2107865A0039B890 /* Build configuration list for PBXNativeTarget "Human" */;
			buildPhases = (
				C3AC41A0210786590039B890 /* Sources */,
				C3AC41A1210786590039B890 /* Frameworks */,
				C3AC41A2210786590039B890 /* CopyFiles */,
			);
			buildRules = (
			);
			dependencies = (
			);
			name = Human;
			productName = Human;
			productReference = C3AC41A42107865A0039B890 /* Human */;
			productType = "com.apple.product-type.tool";
		};
/* End PBXNativeTarget section */

/* Begin PBXProject section */
		C353FF3520F55603006D10A7 /* Project object */ = {
			isa = PBXProject;
			attributes = {
				LastSwiftUpdateCheck = 0940;
				LastUpgradeCheck = 0940;
				ORGANIZATIONNAME = "Alexey Spektoruk";
				TargetAttributes = {
					C353FF3C20F55603006D10A7 = {
						CreatedOnToolsVersion = 9.4.1;
					};
					C3AC41A3210786590039B890 = {
						CreatedOnToolsVersion = 9.4.1;
					};
				};
			};
			buildConfigurationList = C353FF3820F55603006D10A7 /* Build configuration list for PBXProject "SwiftClub" */;
			compatibilityVersion = "Xcode 9.3";
			developmentRegion = en;
			hasScannedForEncodings = 0;
			knownRegions = (
				en,
			);
			mainGroup = C353FF3420F55603006D10A7;
			productRefGroup = C353FF3E20F55603006D10A7 /* Products */;
			projectDirPath = "";
			projectRoot = "";
			targets = (
				C353FF3C20F55603006D10A7 /* SwiftClub */,
				C3AC41A3210786590039B890 /* Human */,
			);
		};
/* End PBXProject section */

/* Begin PBXSourcesBuildPhase section */
		C353FF3920F55603006D10A7 /* Sources */ = {
			isa = PBXSourcesBuildPhase;
			buildActionMask = 2147483647;
			files = (
				C353FF4820F55653006D10A7 /* hw1.swift in Sources */,
				C353FF4A20F55672006D10A7 /* hw2.swift in Sources */,
				C353FF4120F55603006D10A7 /* main.swift in Sources */,
			);
			runOnlyForDeploymentPostprocessing = 0;
		};
		C3AC41A0210786590039B890 /* Sources */ = {
			isa = PBXSourcesBuildPhase;
			buildActionMask = 2147483647;
			files = (
				C3AC41A72107865A0039B890 /* main.swift in Sources */,
				C39095D8212B7069005375D6 /* Gender.swift in Sources */,
				C3A977072122E7DD005A958F /* HumanStruct.swift in Sources */,
				C3A977092122E7F6005A958F /* HumanClass.swift in Sources */,
				C39095D6212B6EF0005375D6 /* GrowingProtocol.swift in Sources */,
			);
			runOnlyForDeploymentPostprocessing = 0;
		};
/* End PBXSourcesBuildPhase section */

/* Begin XCBuildConfiguration section */
		C353FF4220F55603006D10A7 /* Debug */ = {
			isa = XCBuildConfiguration;
			buildSettings = {
				ALWAYS_SEARCH_USER_PATHS = NO;
				CLANG_ANALYZER_NONNULL = YES;
				CLANG_ANALYZER_NUMBER_OBJECT_CONVERSION = YES_AGGRESSIVE;
				CLANG_CXX_LANGUAGE_STANDARD = "gnu++14";
				CLANG_CXX_LIBRARY = "libc++";
				CLANG_ENABLE_MODULES = YES;
				CLANG_ENABLE_OBJC_ARC = YES;
				CLANG_ENABLE_OBJC_WEAK = YES;
				CLANG_WARN_BLOCK_CAPTURE_AUTORELEASING = YES;
				CLANG_WARN_BOOL_CONVERSION = YES;
				CLANG_WARN_COMMA = YES;
				CLANG_WARN_CONSTANT_CONVERSION = YES;
				CLANG_WARN_DEPRECATED_OBJC_IMPLEMENTATIONS = YES;
				CLANG_WARN_DIRECT_OBJC_ISA_USAGE = YES_ERROR;
				CLANG_WARN_DOCUMENTATION_COMMENTS = YES;
				CLANG_WARN_EMPTY_BODY = YES;
				CLANG_WARN_ENUM_CONVERSION = YES;
				CLANG_WARN_INFINITE_RECURSION = YES;
				CLANG_WARN_INT_CONVERSION = YES;
				CLANG_WARN_NON_LITERAL_NULL_CONVERSION = YES;
				CLANG_WARN_OBJC_IMPLICIT_RETAIN_SELF = YES;
				CLANG_WARN_OBJC_LITERAL_CONVERSION = YES;
				CLANG_WARN_OBJC_ROOT_CLASS = YES_ERROR;
				CLANG_WARN_RANGE_LOOP_ANALYSIS = YES;
				CLANG_WARN_STRICT_PROTOTYPES = YES;
				CLANG_WARN_SUSPICIOUS_MOVE = YES;
				CLANG_WARN_UNGUARDED_AVAILABILITY = YES_AGGRESSIVE;
				CLANG_WARN_UNREACHABLE_CODE = YES;
				CLANG_WARN__DUPLICATE_METHOD_MATCH = YES;
				CODE_SIGN_IDENTITY = "-";
				COPY_PHASE_STRIP = NO;
				DEBUG_INFORMATION_FORMAT = dwarf;
				ENABLE_STRICT_OBJC_MSGSEND = YES;
				ENABLE_TESTABILITY = YES;
				GCC_C_LANGUAGE_STANDARD = gnu11;
				GCC_DYNAMIC_NO_PIC = NO;
				GCC_NO_COMMON_BLOCKS = YES;
				GCC_OPTIMIZATION_LEVEL = 0;
				GCC_PREPROCESSOR_DEFINITIONS = (
					"DEBUG=1",
					"$(inherited)",
				);
				GCC_WARN_64_TO_32_BIT_CONVERSION = YES;
				GCC_WARN_ABOUT_RETURN_TYPE = YES_ERROR;
				GCC_WARN_UNDECLARED_SELECTOR = YES;
				GCC_WARN_UNINITIALIZED_AUTOS = YES_AGGRESSIVE;
				GCC_WARN_UNUSED_FUNCTION = YES;
				GCC_WARN_UNUSED_VARIABLE = YES;
				MACOSX_DEPLOYMENT_TARGET = 10.13;
				MTL_ENABLE_DEBUG_INFO = YES;
				ONLY_ACTIVE_ARCH = YES;
				SDKROOT = macosx;
				SWIFT_ACTIVE_COMPILATION_CONDITIONS = DEBUG;
				SWIFT_OPTIMIZATION_LEVEL = "-Onone";
			};
			name = Debug;
		};
		C353FF4320F55603006D10A7 /* Release */ = {
			isa = XCBuildConfiguration;
			buildSettings = {
				ALWAYS_SEARCH_USER_PATHS = NO;
				CLANG_ANALYZER_NONNULL = YES;
				CLANG_ANALYZER_NUMBER_OBJECT_CONVERSION = YES_AGGRESSIVE;
				CLANG_CXX_LANGUAGE_STANDARD = "gnu++14";
				CLANG_CXX_LIBRARY = "libc++";
				CLANG_ENABLE_MODULES = YES;
				CLANG_ENABLE_OBJC_ARC = YES;
				CLANG_ENABLE_OBJC_WEAK = YES;
				CLANG_WARN_BLOCK_CAPTURE_AUTORELEASING = YES;
				CLANG_WARN_BOOL_CONVERSION = YES;
				CLANG_WARN_COMMA = YES;
				CLANG_WARN_CONSTANT_CONVERSION = YES;
				CLANG_WARN_DEPRECATED_OBJC_IMPLEMENTATIONS = YES;
				CLANG_WARN_DIRECT_OBJC_ISA_USAGE = YES_ERROR;
				CLANG_WARN_DOCUMENTATION_COMMENTS = YES;
				CLANG_WARN_EMPTY_BODY = YES;
				CLANG_WARN_ENUM_CONVERSION = YES;
				CLANG_WARN_INFINITE_RECURSION = YES;
				CLANG_WARN_INT_CONVERSION = YES;
				CLANG_WARN_NON_LITERAL_NULL_CONVERSION = YES;
				CLANG_WARN_OBJC_IMPLICIT_RETAIN_SELF = YES;
				CLANG_WARN_OBJC_LITERAL_CONVERSION = YES;
				CLANG_WARN_OBJC_ROOT_CLASS = YES_ERROR;
				CLANG_WARN_RANGE_LOOP_ANALYSIS = YES;
				CLANG_WARN_STRICT_PROTOTYPES = YES;
				CLANG_WARN_SUSPICIOUS_MOVE = YES;
				CLANG_WARN_UNGUARDED_AVAILABILITY = YES_AGGRESSIVE;
				CLANG_WARN_UNREACHABLE_CODE = YES;
				CLANG_WARN__DUPLICATE_METHOD_MATCH = YES;
				CODE_SIGN_IDENTITY = "-";
				COPY_PHASE_STRIP = NO;
				DEBUG_INFORMATION_FORMAT = "dwarf-with-dsym";
				ENABLE_NS_ASSERTIONS = NO;
				ENABLE_STRICT_OBJC_MSGSEND = YES;
				GCC_C_LANGUAGE_STANDARD = gnu11;
				GCC_NO_COMMON_BLOCKS = YES;
				GCC_WARN_64_TO_32_BIT_CONVERSION = YES;
				GCC_WARN_ABOUT_RETURN_TYPE = YES_ERROR;
				GCC_WARN_UNDECLARED_SELECTOR = YES;
				GCC_WARN_UNINITIALIZED_AUTOS = YES_AGGRESSIVE;
				GCC_WARN_UNUSED_FUNCTION = YES;
				GCC_WARN_UNUSED_VARIABLE = YES;
				MACOSX_DEPLOYMENT_TARGET = 10.13;
				MTL_ENABLE_DEBUG_INFO = NO;
				SDKROOT = macosx;
				SWIFT_COMPILATION_MODE = wholemodule;
				SWIFT_OPTIMIZATION_LEVEL = "-O";
			};
			name = Release;
		};
		C353FF4520F55603006D10A7 /* Debug */ = {
			isa = XCBuildConfiguration;
			buildSettings = {
				CODE_SIGN_STYLE = Automatic;
				PRODUCT_NAME = "$(TARGET_NAME)";
				SWIFT_VERSION = 4.0;
			};
			name = Debug;
		};
		C353FF4620F55603006D10A7 /* Release */ = {
			isa = XCBuildConfiguration;
			buildSettings = {
				CODE_SIGN_STYLE = Automatic;
				PRODUCT_NAME = "$(TARGET_NAME)";
				SWIFT_VERSION = 4.0;
			};
			name = Release;
		};
		C3AC41A82107865A0039B890 /* Debug */ = {
			isa = XCBuildConfiguration;
			buildSettings = {
				CODE_SIGN_STYLE = Automatic;
				PRODUCT_NAME = "$(TARGET_NAME)";
				SWIFT_VERSION = 4.0;
			};
			name = Debug;
		};
		C3AC41A92107865A0039B890 /* Release */ = {
			isa = XCBuildConfiguration;
			buildSettings = {
				CODE_SIGN_STYLE = Automatic;
				PRODUCT_NAME = "$(TARGET_NAME)";
				SWIFT_VERSION = 4.0;
			};
			name = Release;
		};
/* End XCBuildConfiguration section */

/* Begin XCConfigurationList section */
		C353FF3820F55603006D10A7 /* Build configuration list for PBXProject "SwiftClub" */ = {
			isa = XCConfigurationList;
			buildConfigurations = (
				C353FF4220F55603006D10A7 /* Debug */,
				C353FF4320F55603006D10A7 /* Release */,
			);
			defaultConfigurationIsVisible = 0;
			defaultConfigurationName = Release;
		};
		C353FF4420F55603006D10A7 /* Build configuration list for PBXNativeTarget "SwiftClub" */ = {
			isa = XCConfigurationList;
			buildConfigurations = (
				C353FF4520F55603006D10A7 /* Debug */,
				C353FF4620F55603006D10A7 /* Release */,
			);
			defaultConfigurationIsVisible = 0;
			defaultConfigurationName = Release;
		};
		C3AC41AA2107865A0039B890 /* Build configuration list for PBXNativeTarget "Human" */ = {
			isa = XCConfigurationList;
			buildConfigurations = (
				C3AC41A82107865A0039B890 /* Debug */,
				C3AC41A92107865A0039B890 /* Release */,
			);
			defaultConfigurationIsVisible = 0;
			defaultConfigurationName = Release;
		};
/* End XCConfigurationList section */
	};
	rootObject = C353FF3520F55603006D10A7 /* Project object */;
}
